// !$*UTF8*$!
{
	archiveVersion = 1;
	classes = {
	};
	objectVersion = 56;
	objects = {

/* Begin PBXBuildFile section */
		AC4EB16B28E2EAA800D378D4 /* JsonAPIApp.swift in Sources */ = {isa = PBXBuildFile; fileRef = AC4EB16A28E2EAA800D378D4 /* JsonAPIApp.swift */; };
		AC4EB16D28E2EAA800D378D4 /* ContentView.swift in Sources */ = {isa = PBXBuildFile; fileRef = AC4EB16C28E2EAA800D378D4 /* ContentView.swift */; };
		AC4EB16F28E2EAA900D378D4 /* Assets.xcassets in Resources */ = {isa = PBXBuildFile; fileRef = AC4EB16E28E2EAA900D378D4 /* Assets.xcassets */; };
		AC4EB17228E2EAA900D378D4 /* Preview Assets.xcassets in Resources */ = {isa = PBXBuildFile; fileRef = AC4EB17128E2EAA900D378D4 /* Preview Assets.xcassets */; };
		AC4EB17C28E2EAA900D378D4 /* JsonAPITests.swift in Sources */ = {isa = PBXBuildFile; fileRef = AC4EB17B28E2EAA900D378D4 /* JsonAPITests.swift */; };
		AC4EB18628E2EAA900D378D4 /* JsonAPIUITests.swift in Sources */ = {isa = PBXBuildFile; fileRef = AC4EB18528E2EAA900D378D4 /* JsonAPIUITests.swift */; };
		AC4EB18828E2EAA900D378D4 /* JsonAPIUITestsLaunchTests.swift in Sources */ = {isa = PBXBuildFile; fileRef = AC4EB18728E2EAA900D378D4 /* JsonAPIUITestsLaunchTests.swift */; };
		AC4EB19528E2F0F300D378D4 /* JokeView.swift in Sources */ = {isa = PBXBuildFile; fileRef = AC4EB19428E2F0F300D378D4 /* JokeView.swift */; };
		AC4EB19728E2F68500D378D4 /* GithubUserView.swift in Sources */ = {isa = PBXBuildFile; fileRef = AC4EB19628E2F68500D378D4 /* GithubUserView.swift */; };
		AC4EB1A928EB040E00D378D4 /* Joke.swift in Sources */ = {isa = PBXBuildFile; fileRef = AC4EB1A828EB040E00D378D4 /* Joke.swift */; };
		AC4EB1AC28EB05AF00D378D4 /* GithubUser.swift in Sources */ = {isa = PBXBuildFile; fileRef = AC4EB1AB28EB05AF00D378D4 /* GithubUser.swift */; };
		AC4EB1AF28EB142B00D378D4 /* JokeViewModel.swift in Sources */ = {isa = PBXBuildFile; fileRef = AC4EB1AE28EB142B00D378D4 /* JokeViewModel.swift */; };
		AC4EB1B128EB143B00D378D4 /* GithubUserViewModel.swift in Sources */ = {isa = PBXBuildFile; fileRef = AC4EB1B028EB143B00D378D4 /* GithubUserViewModel.swift */; };
		AC4EB1B328EB241100D378D4 /* UserDetailView.swift in Sources */ = {isa = PBXBuildFile; fileRef = AC4EB1B228EB241100D378D4 /* UserDetailView.swift */; };
/* End PBXBuildFile section */

/* Begin PBXContainerItemProxy section */
		AC4EB17828E2EAA900D378D4 /* PBXContainerItemProxy */ = {
			isa = PBXContainerItemProxy;
			containerPortal = AC4EB15F28E2EAA800D378D4 /* Project object */;
			proxyType = 1;
			remoteGlobalIDString = AC4EB16628E2EAA800D378D4;
			remoteInfo = JsonAPI;
		};
		AC4EB18228E2EAA900D378D4 /* PBXContainerItemProxy */ = {
			isa = PBXContainerItemProxy;
			containerPortal = AC4EB15F28E2EAA800D378D4 /* Project object */;
			proxyType = 1;
			remoteGlobalIDString = AC4EB16628E2EAA800D378D4;
			remoteInfo = JsonAPI;
		};
/* End PBXContainerItemProxy section */

/* Begin PBXFileReference section */
		AC4EB16728E2EAA800D378D4 /* JsonAPI.app */ = {isa = PBXFileReference; explicitFileType = wrapper.application; includeInIndex = 0; path = JsonAPI.app; sourceTree = BUILT_PRODUCTS_DIR; };
		AC4EB16A28E2EAA800D378D4 /* JsonAPIApp.swift */ = {isa = PBXFileReference; lastKnownFileType = sourcecode.swift; path = JsonAPIApp.swift; sourceTree = "<group>"; };
		AC4EB16C28E2EAA800D378D4 /* ContentView.swift */ = {isa = PBXFileReference; lastKnownFileType = sourcecode.swift; path = ContentView.swift; sourceTree = "<group>"; };
		AC4EB16E28E2EAA900D378D4 /* Assets.xcassets */ = {isa = PBXFileReference; lastKnownFileType = folder.assetcatalog; path = Assets.xcassets; sourceTree = "<group>"; };
		AC4EB17128E2EAA900D378D4 /* Preview Assets.xcassets */ = {isa = PBXFileReference; lastKnownFileType = folder.assetcatalog; path = "Preview Assets.xcassets"; sourceTree = "<group>"; };
		AC4EB17728E2EAA900D378D4 /* JsonAPITests.xctest */ = {isa = PBXFileReference; explicitFileType = wrapper.cfbundle; includeInIndex = 0; path = JsonAPITests.xctest; sourceTree = BUILT_PRODUCTS_DIR; };
		AC4EB17B28E2EAA900D378D4 /* JsonAPITests.swift */ = {isa = PBXFileReference; lastKnownFileType = sourcecode.swift; path = JsonAPITests.swift; sourceTree = "<group>"; };
		AC4EB18128E2EAA900D378D4 /* JsonAPIUITests.xctest */ = {isa = PBXFileReference; explicitFileType = wrapper.cfbundle; includeInIndex = 0; path = JsonAPIUITests.xctest; sourceTree = BUILT_PRODUCTS_DIR; };
		AC4EB18528E2EAA900D378D4 /* JsonAPIUITests.swift */ = {isa = PBXFileReference; lastKnownFileType = sourcecode.swift; path = JsonAPIUITests.swift; sourceTree = "<group>"; };
		AC4EB18728E2EAA900D378D4 /* JsonAPIUITestsLaunchTests.swift */ = {isa = PBXFileReference; lastKnownFileType = sourcecode.swift; path = JsonAPIUITestsLaunchTests.swift; sourceTree = "<group>"; };
		AC4EB19428E2F0F300D378D4 /* JokeView.swift */ = {isa = PBXFileReference; lastKnownFileType = sourcecode.swift; path = JokeView.swift; sourceTree = "<group>"; };
		AC4EB19628E2F68500D378D4 /* GithubUserView.swift */ = {isa = PBXFileReference; lastKnownFileType = sourcecode.swift; path = GithubUserView.swift; sourceTree = "<group>"; };
		AC4EB1A828EB040E00D378D4 /* Joke.swift */ = {isa = PBXFileReference; lastKnownFileType = sourcecode.swift; path = Joke.swift; sourceTree = "<group>"; };
		AC4EB1AB28EB05AF00D378D4 /* GithubUser.swift */ = {isa = PBXFileReference; lastKnownFileType = sourcecode.swift; path = GithubUser.swift; sourceTree = "<group>"; };
		AC4EB1AE28EB142B00D378D4 /* JokeViewModel.swift */ = {isa = PBXFileReference; lastKnownFileType = sourcecode.swift; path = JokeViewModel.swift; sourceTree = "<group>"; };
		AC4EB1B028EB143B00D378D4 /* GithubUserViewModel.swift */ = {isa = PBXFileReference; lastKnownFileType = sourcecode.swift; path = GithubUserViewModel.swift; sourceTree = "<group>"; };
		AC4EB1B228EB241100D378D4 /* UserDetailView.swift */ = {isa = PBXFileReference; lastKnownFileType = sourcecode.swift; path = UserDetailView.swift; sourceTree = "<group>"; };
/* End PBXFileReference section */

/* Begin PBXFrameworksBuildPhase section */
		AC4EB16428E2EAA800D378D4 /* Frameworks */ = {
			isa = PBXFrameworksBuildPhase;
			buildActionMask = 2147483647;
			files = (
			);
			runOnlyForDeploymentPostprocessing = 0;
		};
		AC4EB17428E2EAA900D378D4 /* Frameworks */ = {
			isa = PBXFrameworksBuildPhase;
			buildActionMask = 2147483647;
			files = (
			);
			runOnlyForDeploymentPostprocessing = 0;
		};
		AC4EB17E28E2EAA900D378D4 /* Frameworks */ = {
			isa = PBXFrameworksBuildPhase;
			buildActionMask = 2147483647;
			files = (
			);
			runOnlyForDeploymentPostprocessing = 0;
		};
/* End PBXFrameworksBuildPhase section */

/* Begin PBXGroup section */
		AC4EB15E28E2EAA800D378D4 = {
			isa = PBXGroup;
			children = (
				AC4EB16928E2EAA800D378D4 /* JsonAPI */,
				AC4EB17A28E2EAA900D378D4 /* JsonAPITests */,
				AC4EB18428E2EAA900D378D4 /* JsonAPIUITests */,
				AC4EB16828E2EAA800D378D4 /* Products */,
			);
			sourceTree = "<group>";
		};
		AC4EB16828E2EAA800D378D4 /* Products */ = {
			isa = PBXGroup;
			children = (
				AC4EB16728E2EAA800D378D4 /* JsonAPI.app */,
				AC4EB17728E2EAA900D378D4 /* JsonAPITests.xctest */,
				AC4EB18128E2EAA900D378D4 /* JsonAPIUITests.xctest */,
			);
			name = Products;
			sourceTree = "<group>";
		};
		AC4EB16928E2EAA800D378D4 /* JsonAPI */ = {
			isa = PBXGroup;
			children = (
				AC4EB16A28E2EAA800D378D4 /* JsonAPIApp.swift */,
				AC4EB1A728EB03DB00D378D4 /* Models */,
				AC4EB1AD28EB121600D378D4 /* ViewModels */,
				AC4EB1AA28EB045A00D378D4 /* Views */,
				AC4EB16E28E2EAA900D378D4 /* Assets.xcassets */,
				AC4EB17028E2EAA900D378D4 /* Preview Content */,
			);
			path = JsonAPI;
			sourceTree = "<group>";
		};
		AC4EB17028E2EAA900D378D4 /* Preview Content */ = {
			isa = PBXGroup;
			children = (
				AC4EB17128E2EAA900D378D4 /* Preview Assets.xcassets */,
			);
			path = "Preview Content";
			sourceTree = "<group>";
		};
		AC4EB17A28E2EAA900D378D4 /* JsonAPITests */ = {
			isa = PBXGroup;
			children = (
				AC4EB17B28E2EAA900D378D4 /* JsonAPITests.swift */,
			);
			path = JsonAPITests;
			sourceTree = "<group>";
		};
		AC4EB18428E2EAA900D378D4 /* JsonAPIUITests */ = {
			isa = PBXGroup;
			children = (
				AC4EB18528E2EAA900D378D4 /* JsonAPIUITests.swift */,
				AC4EB18728E2EAA900D378D4 /* JsonAPIUITestsLaunchTests.swift */,
			);
			path = JsonAPIUITests;
			sourceTree = "<group>";
		};
		AC4EB1A728EB03DB00D378D4 /* Models */ = {
			isa = PBXGroup;
			children = (
				AC4EB1A828EB040E00D378D4 /* Joke.swift */,
				AC4EB1AB28EB05AF00D378D4 /* GithubUser.swift */,
			);
			path = Models;
			sourceTree = "<group>";
		};
		AC4EB1AA28EB045A00D378D4 /* Views */ = {
			isa = PBXGroup;
			children = (
				AC4EB16C28E2EAA800D378D4 /* ContentView.swift */,
				AC4EB19428E2F0F300D378D4 /* JokeView.swift */,
				AC4EB19628E2F68500D378D4 /* GithubUserView.swift */,
				AC4EB1B228EB241100D378D4 /* UserDetailView.swift */,
			);
			path = Views;
			sourceTree = "<group>";
		};
		AC4EB1AD28EB121600D378D4 /* ViewModels */ = {
			isa = PBXGroup;
			children = (
				AC4EB1AE28EB142B00D378D4 /* JokeViewModel.swift */,
				AC4EB1B028EB143B00D378D4 /* GithubUserViewModel.swift */,
			);
			path = ViewModels;
			sourceTree = "<group>";
		};
/* End PBXGroup section */

/* Begin PBXNativeTarget section */
		AC4EB16628E2EAA800D378D4 /* JsonAPI */ = {
			isa = PBXNativeTarget;
			buildConfigurationList = AC4EB18B28E2EAA900D378D4 /* Build configuration list for PBXNativeTarget "JsonAPI" */;
			buildPhases = (
				AC4EB16328E2EAA800D378D4 /* Sources */,
				AC4EB16428E2EAA800D378D4 /* Frameworks */,
				AC4EB16528E2EAA800D378D4 /* Resources */,
			);
			buildRules = (
			);
			dependencies = (
			);
			name = JsonAPI;
			productName = JsonAPI;
			productReference = AC4EB16728E2EAA800D378D4 /* JsonAPI.app */;
			productType = "com.apple.product-type.application";
		};
		AC4EB17628E2EAA900D378D4 /* JsonAPITests */ = {
			isa = PBXNativeTarget;
			buildConfigurationList = AC4EB18E28E2EAA900D378D4 /* Build configuration list for PBXNativeTarget "JsonAPITests" */;
			buildPhases = (
				AC4EB17328E2EAA900D378D4 /* Sources */,
				AC4EB17428E2EAA900D378D4 /* Frameworks */,
				AC4EB17528E2EAA900D378D4 /* Resources */,
			);
			buildRules = (
			);
			dependencies = (
				AC4EB17928E2EAA900D378D4 /* PBXTargetDependency */,
			);
			name = JsonAPITests;
			productName = JsonAPITests;
			productReference = AC4EB17728E2EAA900D378D4 /* JsonAPITests.xctest */;
			productType = "com.apple.product-type.bundle.unit-test";
		};
		AC4EB18028E2EAA900D378D4 /* JsonAPIUITests */ = {
			isa = PBXNativeTarget;
			buildConfigurationList = AC4EB19128E2EAA900D378D4 /* Build configuration list for PBXNativeTarget "JsonAPIUITests" */;
			buildPhases = (
				AC4EB17D28E2EAA900D378D4 /* Sources */,
				AC4EB17E28E2EAA900D378D4 /* Frameworks */,
				AC4EB17F28E2EAA900D378D4 /* Resources */,
			);
			buildRules = (
			);
			dependencies = (
				AC4EB18328E2EAA900D378D4 /* PBXTargetDependency */,
			);
			name = JsonAPIUITests;
			productName = JsonAPIUITests;
			productReference = AC4EB18128E2EAA900D378D4 /* JsonAPIUITests.xctest */;
			productType = "com.apple.product-type.bundle.ui-testing";
		};
/* End PBXNativeTarget section */

/* Begin PBXProject section */
		AC4EB15F28E2EAA800D378D4 /* Project object */ = {
			isa = PBXProject;
			attributes = {
				BuildIndependentTargetsInParallel = 1;
				LastSwiftUpdateCheck = 1400;
				LastUpgradeCheck = 1400;
				TargetAttributes = {
					AC4EB16628E2EAA800D378D4 = {
						CreatedOnToolsVersion = 14.0;
					};
					AC4EB17628E2EAA900D378D4 = {
						CreatedOnToolsVersion = 14.0;
						TestTargetID = AC4EB16628E2EAA800D378D4;
					};
					AC4EB18028E2EAA900D378D4 = {
						CreatedOnToolsVersion = 14.0;
						TestTargetID = AC4EB16628E2EAA800D378D4;
					};
				};
			};
			buildConfigurationList = AC4EB16228E2EAA800D378D4 /* Build configuration list for PBXProject "JsonAPI" */;
			compatibilityVersion = "Xcode 14.0";
			developmentRegion = en;
			hasScannedForEncodings = 0;
			knownRegions = (
				en,
				Base,
			);
			mainGroup = AC4EB15E28E2EAA800D378D4;
			productRefGroup = AC4EB16828E2EAA800D378D4 /* Products */;
			projectDirPath = "";
			projectRoot = "";
			targets = (
				AC4EB16628E2EAA800D378D4 /* JsonAPI */,
				AC4EB17628E2EAA900D378D4 /* JsonAPITests */,
				AC4EB18028E2EAA900D378D4 /* JsonAPIUITests */,
			);
		};
/* End PBXProject section */

/* Begin PBXResourcesBuildPhase section */
		AC4EB16528E2EAA800D378D4 /* Resources */ = {
			isa = PBXResourcesBuildPhase;
			buildActionMask = 2147483647;
			files = (
				AC4EB17228E2EAA900D378D4 /* Preview Assets.xcassets in Resources */,
				AC4EB16F28E2EAA900D378D4 /* Assets.xcassets in Resources */,
			);
			runOnlyForDeploymentPostprocessing = 0;
		};
		AC4EB17528E2EAA900D378D4 /* Resources */ = {
			isa = PBXResourcesBuildPhase;
			buildActionMask = 2147483647;
			files = (
			);
			runOnlyForDeploymentPostprocessing = 0;
		};
		AC4EB17F28E2EAA900D378D4 /* Resources */ = {
			isa = PBXResourcesBuildPhase;
			buildActionMask = 2147483647;
			files = (
			);
			runOnlyForDeploymentPostprocessing = 0;
		};
/* End PBXResourcesBuildPhase section */

/* Begin PBXSourcesBuildPhase section */
		AC4EB16328E2EAA800D378D4 /* Sources */ = {
			isa = PBXSourcesBuildPhase;
			buildActionMask = 2147483647;
			files = (
				AC4EB19728E2F68500D378D4 /* GithubUserView.swift in Sources */,
				AC4EB1AC28EB05AF00D378D4 /* GithubUser.swift in Sources */,
				AC4EB1B128EB143B00D378D4 /* GithubUserViewModel.swift in Sources */,
				AC4EB16D28E2EAA800D378D4 /* ContentView.swift in Sources */,
				AC4EB1B328EB241100D378D4 /* UserDetailView.swift in Sources */,
				AC4EB1AF28EB142B00D378D4 /* JokeViewModel.swift in Sources */,
				AC4EB1A928EB040E00D378D4 /* Joke.swift in Sources */,
				AC4EB19528E2F0F300D378D4 /* JokeView.swift in Sources */,
				AC4EB16B28E2EAA800D378D4 /* JsonAPIApp.swift in Sources */,
			);
			runOnlyForDeploymentPostprocessing = 0;
		};
		AC4EB17328E2EAA900D378D4 /* Sources */ = {
			isa = PBXSourcesBuildPhase;
			buildActionMask = 2147483647;
			files = (
				AC4EB17C28E2EAA900D378D4 /* JsonAPITests.swift in Sources */,
			);
			runOnlyForDeploymentPostprocessing = 0;
		};
		AC4EB17D28E2EAA900D378D4 /* Sources */ = {
			isa = PBXSourcesBuildPhase;
			buildActionMask = 2147483647;
			files = (
				AC4EB18628E2EAA900D378D4 /* JsonAPIUITests.swift in Sources */,
				AC4EB18828E2EAA900D378D4 /* JsonAPIUITestsLaunchTests.swift in Sources */,
			);
			runOnlyForDeploymentPostprocessing = 0;
		};
/* End PBXSourcesBuildPhase section */

/* Begin PBXTargetDependency section */
		AC4EB17928E2EAA900D378D4 /* PBXTargetDependency */ = {
			isa = PBXTargetDependency;
			target = AC4EB16628E2EAA800D378D4 /* JsonAPI */;
			targetProxy = AC4EB17828E2EAA900D378D4 /* PBXContainerItemProxy */;
		};
		AC4EB18328E2EAA900D378D4 /* PBXTargetDependency */ = {
			isa = PBXTargetDependency;
			target = AC4EB16628E2EAA800D378D4 /* JsonAPI */;
			targetProxy = AC4EB18228E2EAA900D378D4 /* PBXContainerItemProxy */;
		};
/* End PBXTargetDependency section */

/* Begin XCBuildConfiguration section */
		AC4EB18928E2EAA900D378D4 /* Debug */ = {
			isa = XCBuildConfiguration;
			buildSettings = {
				ALWAYS_SEARCH_USER_PATHS = NO;
				CLANG_ANALYZER_NONNULL = YES;
				CLANG_ANALYZER_NUMBER_OBJECT_CONVERSION = YES_AGGRESSIVE;
				CLANG_CXX_LANGUAGE_STANDARD = "gnu++20";
				CLANG_ENABLE_MODULES = YES;
				CLANG_ENABLE_OBJC_ARC = YES;
				CLANG_ENABLE_OBJC_WEAK = YES;
				CLANG_WARN_BLOCK_CAPTURE_AUTORELEASING = YES;
				CLANG_WARN_BOOL_CONVERSION = YES;
				CLANG_WARN_COMMA = YES;
				CLANG_WARN_CONSTANT_CONVERSION = YES;
				CLANG_WARN_DEPRECATED_OBJC_IMPLEMENTATIONS = YES;
				CLANG_WARN_DIRECT_OBJC_ISA_USAGE = YES_ERROR;
				CLANG_WARN_DOCUMENTATION_COMMENTS = YES;
				CLANG_WARN_EMPTY_BODY = YES;
				CLANG_WARN_ENUM_CONVERSION = YES;
				CLANG_WARN_INFINITE_RECURSION = YES;
				CLANG_WARN_INT_CONVERSION = YES;
				CLANG_WARN_NON_LITERAL_NULL_CONVERSION = YES;
				CLANG_WARN_OBJC_IMPLICIT_RETAIN_SELF = YES;
				CLANG_WARN_OBJC_LITERAL_CONVERSION = YES;
				CLANG_WARN_OBJC_ROOT_CLASS = YES_ERROR;
				CLANG_WARN_QUOTED_INCLUDE_IN_FRAMEWORK_HEADER = YES;
				CLANG_WARN_RANGE_LOOP_ANALYSIS = YES;
				CLANG_WARN_STRICT_PROTOTYPES = YES;
				CLANG_WARN_SUSPICIOUS_MOVE = YES;
				CLANG_WARN_UNGUARDED_AVAILABILITY = YES_AGGRESSIVE;
				CLANG_WARN_UNREACHABLE_CODE = YES;
				CLANG_WARN__DUPLICATE_METHOD_MATCH = YES;
				COPY_PHASE_STRIP = NO;
				DEBUG_INFORMATION_FORMAT = dwarf;
				ENABLE_STRICT_OBJC_MSGSEND = YES;
				ENABLE_TESTABILITY = YES;
				GCC_C_LANGUAGE_STANDARD = gnu11;
				GCC_DYNAMIC_NO_PIC = NO;
				GCC_NO_COMMON_BLOCKS = YES;
				GCC_OPTIMIZATION_LEVEL = 0;
				GCC_PREPROCESSOR_DEFINITIONS = (
					"DEBUG=1",
					"$(inherited)",
				);
				GCC_WARN_64_TO_32_BIT_CONVERSION = YES;
				GCC_WARN_ABOUT_RETURN_TYPE = YES_ERROR;
				GCC_WARN_UNDECLARED_SELECTOR = YES;
				GCC_WARN_UNINITIALIZED_AUTOS = YES_AGGRESSIVE;
				GCC_WARN_UNUSED_FUNCTION = YES;
				GCC_WARN_UNUSED_VARIABLE = YES;
				IPHONEOS_DEPLOYMENT_TARGET = 16.0;
				MTL_ENABLE_DEBUG_INFO = INCLUDE_SOURCE;
				MTL_FAST_MATH = YES;
				ONLY_ACTIVE_ARCH = YES;
				SDKROOT = iphoneos;
				SWIFT_ACTIVE_COMPILATION_CONDITIONS = DEBUG;
				SWIFT_OPTIMIZATION_LEVEL = "-Onone";
			};
			name = Debug;
		};
		AC4EB18A28E2EAA900D378D4 /* Release */ = {
			isa = XCBuildConfiguration;
			buildSettings = {
				ALWAYS_SEARCH_USER_PATHS = NO;
				CLANG_ANALYZER_NONNULL = YES;
				CLANG_ANALYZER_NUMBER_OBJECT_CONVERSION = YES_AGGRESSIVE;
				CLANG_CXX_LANGUAGE_STANDARD = "gnu++20";
				CLANG_ENABLE_MODULES = YES;
				CLANG_ENABLE_OBJC_ARC = YES;
				CLANG_ENABLE_OBJC_WEAK = YES;
				CLANG_WARN_BLOCK_CAPTURE_AUTORELEASING = YES;
				CLANG_WARN_BOOL_CONVERSION = YES;
				CLANG_WARN_COMMA = YES;
				CLANG_WARN_CONSTANT_CONVERSION = YES;
				CLANG_WARN_DEPRECATED_OBJC_IMPLEMENTATIONS = YES;
				CLANG_WARN_DIRECT_OBJC_ISA_USAGE = YES_ERROR;
				CLANG_WARN_DOCUMENTATION_COMMENTS = YES;
				CLANG_WARN_EMPTY_BODY = YES;
				CLANG_WARN_ENUM_CONVERSION = YES;
				CLANG_WARN_INFINITE_RECURSION = YES;
				CLANG_WARN_INT_CONVERSION = YES;
				CLANG_WARN_NON_LITERAL_NULL_CONVERSION = YES;
				CLANG_WARN_OBJC_IMPLICIT_RETAIN_SELF = YES;
				CLANG_WARN_OBJC_LITERAL_CONVERSION = YES;
				CLANG_WARN_OBJC_ROOT_CLASS = YES_ERROR;
				CLANG_WARN_QUOTED_INCLUDE_IN_FRAMEWORK_HEADER = YES;
				CLANG_WARN_RANGE_LOOP_ANALYSIS = YES;
				CLANG_WARN_STRICT_PROTOTYPES = YES;
				CLANG_WARN_SUSPICIOUS_MOVE = YES;
				CLANG_WARN_UNGUARDED_AVAILABILITY = YES_AGGRESSIVE;
				CLANG_WARN_UNREACHABLE_CODE = YES;
				CLANG_WARN__DUPLICATE_METHOD_MATCH = YES;
				COPY_PHASE_STRIP = NO;
				DEBUG_INFORMATION_FORMAT = "dwarf-with-dsym";
				ENABLE_NS_ASSERTIONS = NO;
				ENABLE_STRICT_OBJC_MSGSEND = YES;
				GCC_C_LANGUAGE_STANDARD = gnu11;
				GCC_NO_COMMON_BLOCKS = YES;
				GCC_WARN_64_TO_32_BIT_CONVERSION = YES;
				GCC_WARN_ABOUT_RETURN_TYPE = YES_ERROR;
				GCC_WARN_UNDECLARED_SELECTOR = YES;
				GCC_WARN_UNINITIALIZED_AUTOS = YES_AGGRESSIVE;
				GCC_WARN_UNUSED_FUNCTION = YES;
				GCC_WARN_UNUSED_VARIABLE = YES;
				IPHONEOS_DEPLOYMENT_TARGET = 16.0;
				MTL_ENABLE_DEBUG_INFO = NO;
				MTL_FAST_MATH = YES;
				SDKROOT = iphoneos;
				SWIFT_COMPILATION_MODE = wholemodule;
				SWIFT_OPTIMIZATION_LEVEL = "-O";
				VALIDATE_PRODUCT = YES;
			};
			name = Release;
		};
		AC4EB18C28E2EAA900D378D4 /* Debug */ = {
			isa = XCBuildConfiguration;
			buildSettings = {
				ASSETCATALOG_COMPILER_APPICON_NAME = AppIcon;
				ASSETCATALOG_COMPILER_GLOBAL_ACCENT_COLOR_NAME = AccentColor;
				CODE_SIGN_STYLE = Automatic;
				CURRENT_PROJECT_VERSION = 1;
				DEVELOPMENT_ASSET_PATHS = "\"JsonAPI/Preview Content\"";
				DEVELOPMENT_TEAM = 3WL53CAG23;
				ENABLE_PREVIEWS = YES;
				GENERATE_INFOPLIST_FILE = YES;
				INFOPLIST_KEY_UIApplicationSceneManifest_Generation = YES;
				INFOPLIST_KEY_UIApplicationSupportsIndirectInputEvents = YES;
				INFOPLIST_KEY_UILaunchScreen_Generation = YES;
				INFOPLIST_KEY_UISupportedInterfaceOrientations_iPad = "UIInterfaceOrientationPortrait UIInterfaceOrientationPortraitUpsideDown UIInterfaceOrientationLandscapeLeft UIInterfaceOrientationLandscapeRight";
				INFOPLIST_KEY_UISupportedInterfaceOrientations_iPhone = "UIInterfaceOrientationPortrait UIInterfaceOrientationLandscapeLeft UIInterfaceOrientationLandscapeRight";
				LD_RUNPATH_SEARCH_PATHS = (
					"$(inherited)",
					"@executable_path/Frameworks",
				);
				MARKETING_VERSION = 1.0;
				PRODUCT_BUNDLE_IDENTIFIER = Nat.JsonAPI;
				PRODUCT_NAME = "$(TARGET_NAME)";
				SWIFT_EMIT_LOC_STRINGS = YES;
				SWIFT_VERSION = 5.0;
				TARGETED_DEVICE_FAMILY = "1,2";
			};
			name = Debug;
		};
		AC4EB18D28E2EAA900D378D4 /* Release */ = {
			isa = XCBuildConfiguration;
			buildSettings = {
				ASSETCATALOG_COMPILER_APPICON_NAME = AppIcon;
				ASSETCATALOG_COMPILER_GLOBAL_ACCENT_COLOR_NAME = AccentColor;
				CODE_SIGN_STYLE = Automatic;
				CURRENT_PROJECT_VERSION = 1;
				DEVELOPMENT_ASSET_PATHS = "\"JsonAPI/Preview Content\"";
				DEVELOPMENT_TEAM = 3WL53CAG23;
				ENABLE_PREVIEWS = YES;
				GENERATE_INFOPLIST_FILE = YES;
				INFOPLIST_KEY_UIApplicationSceneManifest_Generation = YES;
				INFOPLIST_KEY_UIApplicationSupportsIndirectInputEvents = YES;
				INFOPLIST_KEY_UILaunchScreen_Generation = YES;
				INFOPLIST_KEY_UISupportedInterfaceOrientations_iPad = "UIInterfaceOrientationPortrait UIInterfaceOrientationPortraitUpsideDown UIInterfaceOrientationLandscapeLeft UIInterfaceOrientationLandscapeRight";
				INFOPLIST_KEY_UISupportedInterfaceOrientations_iPhone = "UIInterfaceOrientationPortrait UIInterfaceOrientationLandscapeLeft UIInterfaceOrientationLandscapeRight";
				LD_RUNPATH_SEARCH_PATHS = (
					"$(inherited)",
					"@executable_path/Frameworks",
				);
				MARKETING_VERSION = 1.0;
				PRODUCT_BUNDLE_IDENTIFIER = Nat.JsonAPI;
				PRODUCT_NAME = "$(TARGET_NAME)";
				SWIFT_EMIT_LOC_STRINGS = YES;
				SWIFT_VERSION = 5.0;
				TARGETED_DEVICE_FAMILY = "1,2";
			};
			name = Release;
		};
		AC4EB18F28E2EAA900D378D4 /* Debug */ = {
			isa = XCBuildConfiguration;
			buildSettings = {
				ALWAYS_EMBED_SWIFT_STANDARD_LIBRARIES = YES;
				BUNDLE_LOADER = "$(TEST_HOST)";
				CODE_SIGN_STYLE = Automatic;
				CURRENT_PROJECT_VERSION = 1;
				DEVELOPMENT_TEAM = 3WL53CAG23;
				GENERATE_INFOPLIST_FILE = YES;
				IPHONEOS_DEPLOYMENT_TARGET = 16.0;
				MARKETING_VERSION = 1.0;
				PRODUCT_BUNDLE_IDENTIFIER = Nat.JsonAPITests;
				PRODUCT_NAME = "$(TARGET_NAME)";
				SWIFT_EMIT_LOC_STRINGS = NO;
				SWIFT_VERSION = 5.0;
				TARGETED_DEVICE_FAMILY = "1,2";
				TEST_HOST = "$(BUILT_PRODUCTS_DIR)/JsonAPI.app/$(BUNDLE_EXECUTABLE_FOLDER_PATH)/JsonAPI";
			};
			name = Debug;
		};
		AC4EB19028E2EAA900D378D4 /* Release */ = {
			isa = XCBuildConfiguration;
			buildSettings = {
				ALWAYS_EMBED_SWIFT_STANDARD_LIBRARIES = YES;
				BUNDLE_LOADER = "$(TEST_HOST)";
				CODE_SIGN_STYLE = Automatic;
				CURRENT_PROJECT_VERSION = 1;
				DEVELOPMENT_TEAM = 3WL53CAG23;
				GENERATE_INFOPLIST_FILE = YES;
				IPHONEOS_DEPLOYMENT_TARGET = 16.0;
				MARKETING_VERSION = 1.0;
				PRODUCT_BUNDLE_IDENTIFIER = Nat.JsonAPITests;
				PRODUCT_NAME = "$(TARGET_NAME)";
				SWIFT_EMIT_LOC_STRINGS = NO;
				SWIFT_VERSION = 5.0;
				TARGETED_DEVICE_FAMILY = "1,2";
				TEST_HOST = "$(BUILT_PRODUCTS_DIR)/JsonAPI.app/$(BUNDLE_EXECUTABLE_FOLDER_PATH)/JsonAPI";
			};
			name = Release;
		};
		AC4EB19228E2EAA900D378D4 /* Debug */ = {
			isa = XCBuildConfiguration;
			buildSettings = {
				ALWAYS_EMBED_SWIFT_STANDARD_LIBRARIES = YES;
				CODE_SIGN_STYLE = Automatic;
				CURRENT_PROJECT_VERSION = 1;
				DEVELOPMENT_TEAM = 3WL53CAG23;
				GENERATE_INFOPLIST_FILE = YES;
				MARKETING_VERSION = 1.0;
				PRODUCT_BUNDLE_IDENTIFIER = Nat.JsonAPIUITests;
				PRODUCT_NAME = "$(TARGET_NAME)";
				SWIFT_EMIT_LOC_STRINGS = NO;
				SWIFT_VERSION = 5.0;
				TARGETED_DEVICE_FAMILY = "1,2";
				TEST_TARGET_NAME = JsonAPI;
			};
			name = Debug;
		};
		AC4EB19328E2EAA900D378D4 /* Release */ = {
			isa = XCBuildConfiguration;
			buildSettings = {
				ALWAYS_EMBED_SWIFT_STANDARD_LIBRARIES = YES;
				CODE_SIGN_STYLE = Automatic;
				CURRENT_PROJECT_VERSION = 1;
				DEVELOPMENT_TEAM = 3WL53CAG23;
				GENERATE_INFOPLIST_FILE = YES;
				MARKETING_VERSION = 1.0;
				PRODUCT_BUNDLE_IDENTIFIER = Nat.JsonAPIUITests;
				PRODUCT_NAME = "$(TARGET_NAME)";
				SWIFT_EMIT_LOC_STRINGS = NO;
				SWIFT_VERSION = 5.0;
				TARGETED_DEVICE_FAMILY = "1,2";
				TEST_TARGET_NAME = JsonAPI;
			};
			name = Release;
		};
/* End XCBuildConfiguration section */

/* Begin XCConfigurationList section */
		AC4EB16228E2EAA800D378D4 /* Build configuration list for PBXProject "JsonAPI" */ = {
			isa = XCConfigurationList;
			buildConfigurations = (
				AC4EB18928E2EAA900D378D4 /* Debug */,
				AC4EB18A28E2EAA900D378D4 /* Release */,
			);
			defaultConfigurationIsVisible = 0;
			defaultConfigurationName = Release;
		};
		AC4EB18B28E2EAA900D378D4 /* Build configuration list for PBXNativeTarget "JsonAPI" */ = {
			isa = XCConfigurationList;
			buildConfigurations = (
				AC4EB18C28E2EAA900D378D4 /* Debug */,
				AC4EB18D28E2EAA900D378D4 /* Release */,
			);
			defaultConfigurationIsVisible = 0;
			defaultConfigurationName = Release;
		};
		AC4EB18E28E2EAA900D378D4 /* Build configuration list for PBXNativeTarget "JsonAPITests" */ = {
			isa = XCConfigurationList;
			buildConfigurations = (
				AC4EB18F28E2EAA900D378D4 /* Debug */,
				AC4EB19028E2EAA900D378D4 /* Release */,
			);
			defaultConfigurationIsVisible = 0;
			defaultConfigurationName = Release;
		};
		AC4EB19128E2EAA900D378D4 /* Build configuration list for PBXNativeTarget "JsonAPIUITests" */ = {
			isa = XCConfigurationList;
			buildConfigurations = (
				AC4EB19228E2EAA900D378D4 /* Debug */,
				AC4EB19328E2EAA900D378D4 /* Release */,
			);
			defaultConfigurationIsVisible = 0;
			defaultConfigurationName = Release;
		};
/* End XCConfigurationList section */
	};
	rootObject = AC4EB15F28E2EAA800D378D4 /* Project object */;
}
